
Microsoft Visual Studio Solution File, Format Version 12.00
# Visual Studio Version 17
VisualStudioVersion = 17.1.32210.238
MinimumVisualStudioVersion = 10.0.40219.1
Project("{2150E333-8FDC-42A3-9474-1A3956D46DE8}") = "Services", "Services", "{FD7617D5-105B-48BE-B17A-2E1CF89F782A}"
EndProject
Project("{2150E333-8FDC-42A3-9474-1A3956D46DE8}") = "Catalog", "Catalog", "{F4DD823A-67A4-4A84-AD79-96218563CAD2}"
EndProject
Project("{9A19103F-16F7-4668-BE54-9A1E7A4F7556}") = "Catalog.API", "Services\Catalog\Catalog.API\Catalog.API.csproj", "{BCED2D4A-1E54-4D86-9D38-2D2C4A398F57}"
EndProject
Project("{E53339B2-1760-4266-BCC7-CA923CBCF16C}") = "docker-compose", "docker-compose.dcproj", "{64D62B0F-3F5C-4862-9771-E5628067BB17}"
EndProject
Project("{2150E333-8FDC-42A3-9474-1A3956D46DE8}") = "Basket", "Basket", "{8677391F-6AD0-4F9D-B271-49DDF060662C}"
EndProject
Project("{9A19103F-16F7-4668-BE54-9A1E7A4F7556}") = "Basket.API", "Services\Basket\Basket.API\Basket.API.csproj", "{4F062F3F-FDD4-4587-A916-0E502CBE4190}"
EndProject
Project("{2150E333-8FDC-42A3-9474-1A3956D46DE8}") = "Discount", "Discount", "{D4DE9B1D-3744-4694-829F-12A4266A5288}"
EndProject
Project("{9A19103F-16F7-4668-BE54-9A1E7A4F7556}") = "Discount.API", "Services\Discount\Discount.API\Discount.API.csproj", "{1C39B2B7-46E7-415F-823B-CD6BDA1B9D83}"
EndProject
Project("{FAE04EC0-301F-11D3-BF4B-00C04F79EFBC}") = "Discount.Grpc", "Services\Discount\Discount.Grpc\Discount.Grpc.csproj", "{3FEE9E7E-E25F-410C-8F18-AC6F3875F5F3}"
EndProject
Global
	GlobalSection(SolutionConfigurationPlatforms) = preSolution
		Debug|Any CPU = Debug|Any CPU
		Release|Any CPU = Release|Any CPU
	EndGlobalSection
	GlobalSection(ProjectConfigurationPlatforms) = postSolution
		{BCED2D4A-1E54-4D86-9D38-2D2C4A398F57}.Debug|Any CPU.ActiveCfg = Debug|Any CPU
		{BCED2D4A-1E54-4D86-9D38-2D2C4A398F57}.Debug|Any CPU.Build.0 = Debug|Any CPU
		{BCED2D4A-1E54-4D86-9D38-2D2C4A398F57}.Release|Any CPU.ActiveCfg = Release|Any CPU
		{BCED2D4A-1E54-4D86-9D38-2D2C4A398F57}.Release|Any CPU.Build.0 = Release|Any CPU
		{64D62B0F-3F5C-4862-9771-E5628067BB17}.Debug|Any CPU.ActiveCfg = Debug|Any CPU
		{64D62B0F-3F5C-4862-9771-E5628067BB17}.Debug|Any CPU.Build.0 = Debug|Any CPU
		{64D62B0F-3F5C-4862-9771-E5628067BB17}.Release|Any CPU.ActiveCfg = Release|Any CPU
		{64D62B0F-3F5C-4862-9771-E5628067BB17}.Release|Any CPU.Build.0 = Release|Any CPU
		{4F062F3F-FDD4-4587-A916-0E502CBE4190}.Debug|Any CPU.ActiveCfg = Debug|Any CPU
		{4F062F3F-FDD4-4587-A916-0E502CBE4190}.Debug|Any CPU.Build.0 = Debug|Any CPU
		{4F062F3F-FDD4-4587-A916-0E502CBE4190}.Release|Any CPU.ActiveCfg = Release|Any CPU
		{4F062F3F-FDD4-4587-A916-0E502CBE4190}.Release|Any CPU.Build.0 = Release|Any CPU
		{1C39B2B7-46E7-415F-823B-CD6BDA1B9D83}.Debug|Any CPU.ActiveCfg = Debug|Any CPU
		{1C39B2B7-46E7-415F-823B-CD6BDA1B9D83}.Debug|Any CPU.Build.0 = Debug|Any CPU
		{1C39B2B7-46E7-415F-823B-CD6BDA1B9D83}.Release|Any CPU.ActiveCfg = Release|Any CPU
		{1C39B2B7-46E7-415F-823B-CD6BDA1B9D83}.Release|Any CPU.Build.0 = Release|Any CPU
		{3FEE9E7E-E25F-410C-8F18-AC6F3875F5F3}.Debug|Any CPU.ActiveCfg = Debug|Any CPU
		{3FEE9E7E-E25F-410C-8F18-AC6F3875F5F3}.Debug|Any CPU.Build.0 = Debug|Any CPU
		{3FEE9E7E-E25F-410C-8F18-AC6F3875F5F3}.Release|Any CPU.ActiveCfg = Release|Any CPU
		{3FEE9E7E-E25F-410C-8F18-AC6F3875F5F3}.Release|Any CPU.Build.0 = Release|Any CPU
	EndGlobalSection
	GlobalSection(SolutionProperties) = preSolution
		HideSolutionNode = FALSE
	EndGlobalSection
	GlobalSection(NestedProjects) = preSolution
		{F4DD823A-67A4-4A84-AD79-96218563CAD2} = {FD7617D5-105B-48BE-B17A-2E1CF89F782A}
		{BCED2D4A-1E54-4D86-9D38-2D2C4A398F57} = {F4DD823A-67A4-4A84-AD79-96218563CAD2}
		{8677391F-6AD0-4F9D-B271-49DDF060662C} = {FD7617D5-105B-48BE-B17A-2E1CF89F782A}
		{4F062F3F-FDD4-4587-A916-0E502CBE4190} = {8677391F-6AD0-4F9D-B271-49DDF060662C}
		{D4DE9B1D-3744-4694-829F-12A4266A5288} = {FD7617D5-105B-48BE-B17A-2E1CF89F782A}
		{1C39B2B7-46E7-415F-823B-CD6BDA1B9D83} = {D4DE9B1D-3744-4694-829F-12A4266A5288}
		{3FEE9E7E-E25F-410C-8F18-AC6F3875F5F3} = {D4DE9B1D-3744-4694-829F-12A4266A5288}
	EndGlobalSection
	GlobalSection(ExtensibilityGlobals) = postSolution
		SolutionGuid = {76059A05-BBEC-41D7-B607-A3F5C39A404D}
	EndGlobalSection
EndGlobal
