
Microsoft Visual Studio Solution File, Format Version 12.00
# Visual Studio Version 17
VisualStudioVersion = 17.1.32210.238
MinimumVisualStudioVersion = 10.0.40219.1
Project("{2150E333-8FDC-42A3-9474-1A3956D46DE8}") = "Services", "Services", "{FD7617D5-105B-48BE-B17A-2E1CF89F782A}"
EndProject
Project("{2150E333-8FDC-42A3-9474-1A3956D46DE8}") = "Catalog", "Catalog", "{F4DD823A-67A4-4A84-AD79-96218563CAD2}"
EndProject
Project("{9A19103F-16F7-4668-BE54-9A1E7A4F7556}") = "Catalog.API", "Services\Catalog\Catalog.API\Catalog.API.csproj", "{BCED2D4A-1E54-4D86-9D38-2D2C4A398F57}"
EndProject
Project("{E53339B2-1760-4266-BCC7-CA923CBCF16C}") = "docker-compose", "docker-compose.dcproj", "{64D62B0F-3F5C-4862-9771-E5628067BB17}"
EndProject
Project("{2150E333-8FDC-42A3-9474-1A3956D46DE8}") = "Basket", "Basket", "{8677391F-6AD0-4F9D-B271-49DDF060662C}"
EndProject
Project("{9A19103F-16F7-4668-BE54-9A1E7A4F7556}") = "Basket.API", "Services\Basket\Basket.API\Basket.API.csproj", "{4F062F3F-FDD4-4587-A916-0E502CBE4190}"
EndProject
Project("{2150E333-8FDC-42A3-9474-1A3956D46DE8}") = "Discount", "Discount", "{D4DE9B1D-3744-4694-829F-12A4266A5288}"
EndProject
Project("{9A19103F-16F7-4668-BE54-9A1E7A4F7556}") = "Discount.API", "Services\Discount\Discount.API\Discount.API.csproj", "{1C39B2B7-46E7-415F-823B-CD6BDA1B9D83}"
EndProject
Project("{9A19103F-16F7-4668-BE54-9A1E7A4F7556}") = "Discount.Grpc", "Services\Discount\Discount.Grpc\Discount.Grpc.csproj", "{3FEE9E7E-E25F-410C-8F18-AC6F3875F5F3}"
EndProject
Project("{2150E333-8FDC-42A3-9474-1A3956D46DE8}") = "Ordering", "Ordering", "{1DBCF453-3A90-4BED-A498-C6C359AE5450}"
EndProject
Project("{9A19103F-16F7-4668-BE54-9A1E7A4F7556}") = "Ordering.API", "services\Ordering\Ordering.API\Ordering.API.csproj", "{7C4489CA-91A0-4D74-A155-B8CD7E97535D}"
EndProject
Project("{9A19103F-16F7-4668-BE54-9A1E7A4F7556}") = "Ordering.Domain", "services\Ordering\Ordering.Domain\Ordering.Domain.csproj", "{0C7D4087-799A-4D47-9A5D-60946BFE76EB}"
EndProject
Project("{9A19103F-16F7-4668-BE54-9A1E7A4F7556}") = "Ordering.Application", "services\Ordering\Ordering.Application\Ordering.Application.csproj", "{D5C6C1A7-EA28-4AFC-9482-1913BEA5FB39}"
EndProject
Project("{9A19103F-16F7-4668-BE54-9A1E7A4F7556}") = "Ordering.Infrastructure", "services\Ordering\Ordering.Infrastructure\Ordering.Infrastructure.csproj", "{100B59F7-7E40-4972-B938-404DAE14D535}"
EndProject
Project("{2150E333-8FDC-42A3-9474-1A3956D46DE8}") = "BuildingBlocks", "BuildingBlocks", "{641A5CA3-C52A-4309-B9CD-7B1B4F18222D}"
EndProject
Project("{2150E333-8FDC-42A3-9474-1A3956D46DE8}") = "EventBus.Messages", "EventBus.Messages", "{B62ADD66-84FC-4FF3-944F-714862ECF95C}"
EndProject
Project("{9A19103F-16F7-4668-BE54-9A1E7A4F7556}") = "EventBus.Messages", "BuildingBlocks\EventBus.Messages\EventBus.Messages.csproj", "{2509E827-C347-48F0-BDDE-E524F84A6681}"
EndProject
Project("{2150E333-8FDC-42A3-9474-1A3956D46DE8}") = "ApiGateways", "ApiGateways", "{6752D0E5-8BEC-4456-9AC1-FC0A51AC2DD0}"
EndProject
Project("{9A19103F-16F7-4668-BE54-9A1E7A4F7556}") = "OcelotApiGw", "ApiGateways\OcelotApiGw\OcelotApiGw.csproj", "{99A65C6E-F1FC-4EFB-A3AA-00797856D2D0}"
EndProject
Project("{9A19103F-16F7-4668-BE54-9A1E7A4F7556}") = "Shopping.Aggregator", "ApiGateways\Shopping.Aggregator\Shopping.Aggregator.csproj", "{BC9D7D05-759C-4813-9F76-30D418201ABA}"
EndProject
Project("{2150E333-8FDC-42A3-9474-1A3956D46DE8}") = "WebApps", "WebApps", "{AEE87E3D-2ADB-4035-A5B3-93285761AF84}"
EndProject
Project("{9A19103F-16F7-4668-BE54-9A1E7A4F7556}") = "AspnetRunBasics", "WebApps\AspnetRunBasics\AspnetRunBasics.csproj", "{2C2D1BBC-E8A5-4965-A737-7725B53416B9}"
EndProject
Global
	GlobalSection(SolutionConfigurationPlatforms) = preSolution
		Debug|Any CPU = Debug|Any CPU
		Release|Any CPU = Release|Any CPU
	EndGlobalSection
	GlobalSection(ProjectConfigurationPlatforms) = postSolution
		{BCED2D4A-1E54-4D86-9D38-2D2C4A398F57}.Debug|Any CPU.ActiveCfg = Debug|Any CPU
		{BCED2D4A-1E54-4D86-9D38-2D2C4A398F57}.Debug|Any CPU.Build.0 = Debug|Any CPU
		{BCED2D4A-1E54-4D86-9D38-2D2C4A398F57}.Release|Any CPU.ActiveCfg = Release|Any CPU
		{BCED2D4A-1E54-4D86-9D38-2D2C4A398F57}.Release|Any CPU.Build.0 = Release|Any CPU
		{64D62B0F-3F5C-4862-9771-E5628067BB17}.Debug|Any CPU.ActiveCfg = Debug|Any CPU
		{64D62B0F-3F5C-4862-9771-E5628067BB17}.Debug|Any CPU.Build.0 = Debug|Any CPU
		{64D62B0F-3F5C-4862-9771-E5628067BB17}.Release|Any CPU.ActiveCfg = Release|Any CPU
		{64D62B0F-3F5C-4862-9771-E5628067BB17}.Release|Any CPU.Build.0 = Release|Any CPU
		{4F062F3F-FDD4-4587-A916-0E502CBE4190}.Debug|Any CPU.ActiveCfg = Debug|Any CPU
		{4F062F3F-FDD4-4587-A916-0E502CBE4190}.Debug|Any CPU.Build.0 = Debug|Any CPU
		{4F062F3F-FDD4-4587-A916-0E502CBE4190}.Release|Any CPU.ActiveCfg = Release|Any CPU
		{4F062F3F-FDD4-4587-A916-0E502CBE4190}.Release|Any CPU.Build.0 = Release|Any CPU
		{1C39B2B7-46E7-415F-823B-CD6BDA1B9D83}.Debug|Any CPU.ActiveCfg = Debug|Any CPU
		{1C39B2B7-46E7-415F-823B-CD6BDA1B9D83}.Debug|Any CPU.Build.0 = Debug|Any CPU
		{1C39B2B7-46E7-415F-823B-CD6BDA1B9D83}.Release|Any CPU.ActiveCfg = Release|Any CPU
		{1C39B2B7-46E7-415F-823B-CD6BDA1B9D83}.Release|Any CPU.Build.0 = Release|Any CPU
		{3FEE9E7E-E25F-410C-8F18-AC6F3875F5F3}.Debug|Any CPU.ActiveCfg = Debug|Any CPU
		{3FEE9E7E-E25F-410C-8F18-AC6F3875F5F3}.Debug|Any CPU.Build.0 = Debug|Any CPU
		{3FEE9E7E-E25F-410C-8F18-AC6F3875F5F3}.Release|Any CPU.ActiveCfg = Release|Any CPU
		{3FEE9E7E-E25F-410C-8F18-AC6F3875F5F3}.Release|Any CPU.Build.0 = Release|Any CPU
		{7C4489CA-91A0-4D74-A155-B8CD7E97535D}.Debug|Any CPU.ActiveCfg = Debug|Any CPU
		{7C4489CA-91A0-4D74-A155-B8CD7E97535D}.Debug|Any CPU.Build.0 = Debug|Any CPU
		{7C4489CA-91A0-4D74-A155-B8CD7E97535D}.Release|Any CPU.ActiveCfg = Release|Any CPU
		{7C4489CA-91A0-4D74-A155-B8CD7E97535D}.Release|Any CPU.Build.0 = Release|Any CPU
		{0C7D4087-799A-4D47-9A5D-60946BFE76EB}.Debug|Any CPU.ActiveCfg = Debug|Any CPU
		{0C7D4087-799A-4D47-9A5D-60946BFE76EB}.Debug|Any CPU.Build.0 = Debug|Any CPU
		{0C7D4087-799A-4D47-9A5D-60946BFE76EB}.Release|Any CPU.ActiveCfg = Release|Any CPU
		{0C7D4087-799A-4D47-9A5D-60946BFE76EB}.Release|Any CPU.Build.0 = Release|Any CPU
		{D5C6C1A7-EA28-4AFC-9482-1913BEA5FB39}.Debug|Any CPU.ActiveCfg = Debug|Any CPU
		{D5C6C1A7-EA28-4AFC-9482-1913BEA5FB39}.Debug|Any CPU.Build.0 = Debug|Any CPU
		{D5C6C1A7-EA28-4AFC-9482-1913BEA5FB39}.Release|Any CPU.ActiveCfg = Release|Any CPU
		{D5C6C1A7-EA28-4AFC-9482-1913BEA5FB39}.Release|Any CPU.Build.0 = Release|Any CPU
		{100B59F7-7E40-4972-B938-404DAE14D535}.Debug|Any CPU.ActiveCfg = Debug|Any CPU
		{100B59F7-7E40-4972-B938-404DAE14D535}.Debug|Any CPU.Build.0 = Debug|Any CPU
		{100B59F7-7E40-4972-B938-404DAE14D535}.Release|Any CPU.ActiveCfg = Release|Any CPU
		{100B59F7-7E40-4972-B938-404DAE14D535}.Release|Any CPU.Build.0 = Release|Any CPU
		{2509E827-C347-48F0-BDDE-E524F84A6681}.Debug|Any CPU.ActiveCfg = Debug|Any CPU
		{2509E827-C347-48F0-BDDE-E524F84A6681}.Debug|Any CPU.Build.0 = Debug|Any CPU
		{2509E827-C347-48F0-BDDE-E524F84A6681}.Release|Any CPU.ActiveCfg = Release|Any CPU
		{2509E827-C347-48F0-BDDE-E524F84A6681}.Release|Any CPU.Build.0 = Release|Any CPU
		{99A65C6E-F1FC-4EFB-A3AA-00797856D2D0}.Debug|Any CPU.ActiveCfg = Debug|Any CPU
		{99A65C6E-F1FC-4EFB-A3AA-00797856D2D0}.Debug|Any CPU.Build.0 = Debug|Any CPU
		{99A65C6E-F1FC-4EFB-A3AA-00797856D2D0}.Release|Any CPU.ActiveCfg = Release|Any CPU
		{99A65C6E-F1FC-4EFB-A3AA-00797856D2D0}.Release|Any CPU.Build.0 = Release|Any CPU
		{BC9D7D05-759C-4813-9F76-30D418201ABA}.Debug|Any CPU.ActiveCfg = Debug|Any CPU
		{BC9D7D05-759C-4813-9F76-30D418201ABA}.Debug|Any CPU.Build.0 = Debug|Any CPU
		{BC9D7D05-759C-4813-9F76-30D418201ABA}.Release|Any CPU.ActiveCfg = Release|Any CPU
		{BC9D7D05-759C-4813-9F76-30D418201ABA}.Release|Any CPU.Build.0 = Release|Any CPU
		{2C2D1BBC-E8A5-4965-A737-7725B53416B9}.Debug|Any CPU.ActiveCfg = Debug|Any CPU
		{2C2D1BBC-E8A5-4965-A737-7725B53416B9}.Debug|Any CPU.Build.0 = Debug|Any CPU
		{2C2D1BBC-E8A5-4965-A737-7725B53416B9}.Release|Any CPU.ActiveCfg = Release|Any CPU
		{2C2D1BBC-E8A5-4965-A737-7725B53416B9}.Release|Any CPU.Build.0 = Release|Any CPU
	EndGlobalSection
	GlobalSection(SolutionProperties) = preSolution
		HideSolutionNode = FALSE
	EndGlobalSection
	GlobalSection(NestedProjects) = preSolution
		{F4DD823A-67A4-4A84-AD79-96218563CAD2} = {FD7617D5-105B-48BE-B17A-2E1CF89F782A}
		{BCED2D4A-1E54-4D86-9D38-2D2C4A398F57} = {F4DD823A-67A4-4A84-AD79-96218563CAD2}
		{8677391F-6AD0-4F9D-B271-49DDF060662C} = {FD7617D5-105B-48BE-B17A-2E1CF89F782A}
		{4F062F3F-FDD4-4587-A916-0E502CBE4190} = {8677391F-6AD0-4F9D-B271-49DDF060662C}
		{D4DE9B1D-3744-4694-829F-12A4266A5288} = {FD7617D5-105B-48BE-B17A-2E1CF89F782A}
		{1C39B2B7-46E7-415F-823B-CD6BDA1B9D83} = {D4DE9B1D-3744-4694-829F-12A4266A5288}
		{3FEE9E7E-E25F-410C-8F18-AC6F3875F5F3} = {D4DE9B1D-3744-4694-829F-12A4266A5288}
		{1DBCF453-3A90-4BED-A498-C6C359AE5450} = {FD7617D5-105B-48BE-B17A-2E1CF89F782A}
		{7C4489CA-91A0-4D74-A155-B8CD7E97535D} = {1DBCF453-3A90-4BED-A498-C6C359AE5450}
		{0C7D4087-799A-4D47-9A5D-60946BFE76EB} = {1DBCF453-3A90-4BED-A498-C6C359AE5450}
		{D5C6C1A7-EA28-4AFC-9482-1913BEA5FB39} = {1DBCF453-3A90-4BED-A498-C6C359AE5450}
		{100B59F7-7E40-4972-B938-404DAE14D535} = {1DBCF453-3A90-4BED-A498-C6C359AE5450}
		{B62ADD66-84FC-4FF3-944F-714862ECF95C} = {641A5CA3-C52A-4309-B9CD-7B1B4F18222D}
		{2509E827-C347-48F0-BDDE-E524F84A6681} = {B62ADD66-84FC-4FF3-944F-714862ECF95C}
		{99A65C6E-F1FC-4EFB-A3AA-00797856D2D0} = {6752D0E5-8BEC-4456-9AC1-FC0A51AC2DD0}
		{BC9D7D05-759C-4813-9F76-30D418201ABA} = {6752D0E5-8BEC-4456-9AC1-FC0A51AC2DD0}
		{2C2D1BBC-E8A5-4965-A737-7725B53416B9} = {AEE87E3D-2ADB-4035-A5B3-93285761AF84}
	EndGlobalSection
	GlobalSection(ExtensibilityGlobals) = postSolution
		SolutionGuid = {76059A05-BBEC-41D7-B607-A3F5C39A404D}
	EndGlobalSection
EndGlobal
